
Microsoft Visual Studio Solution File, Format Version 12.00
# Visual Studio Version 16
VisualStudioVersion = 16.0.30413.136
MinimumVisualStudioVersion = 10.0.40219.1
Project("{FAE04EC0-301F-11D3-BF4B-00C04F79EFBC}") = "TSCodeBuilder", "TSCodeBuilder.csproj", "{BA374623-3846-40A8-9BB3-DE2533DB3891}"
EndProject
Project("{9A19103F-16F7-4668-BE54-9A1E7A4F7556}") = "CodeBuilder", "..\CodeBuilder\CodeBuilder.csproj", "{804F1F3D-7F13-46EE-83BE-80FB926A56D0}"
EndProject
Project("{FAE04EC0-301F-11D3-BF4B-00C04F79EFBC}") = "TSCodeBuilder.Tests", "..\TSCodeBuilder.Tests\TSCodeBuilder.Tests.csproj", "{C7569B93-5C47-402D-B606-A20E934CEDB4}"
EndProject
Global
	GlobalSection(SolutionConfigurationPlatforms) = preSolution
		Debug|Any CPU = Debug|Any CPU
		Release|Any CPU = Release|Any CPU
	EndGlobalSection
	GlobalSection(ProjectConfigurationPlatforms) = postSolution
		{BA374623-3846-40A8-9BB3-DE2533DB3891}.Debug|Any CPU.ActiveCfg = Debug|Any CPU
		{BA374623-3846-40A8-9BB3-DE2533DB3891}.Debug|Any CPU.Build.0 = Debug|Any CPU
		{BA374623-3846-40A8-9BB3-DE2533DB3891}.Release|Any CPU.ActiveCfg = Release|Any CPU
		{BA374623-3846-40A8-9BB3-DE2533DB3891}.Release|Any CPU.Build.0 = Release|Any CPU
		{804F1F3D-7F13-46EE-83BE-80FB926A56D0}.Debug|Any CPU.ActiveCfg = Debug|Any CPU
		{804F1F3D-7F13-46EE-83BE-80FB926A56D0}.Debug|Any CPU.Build.0 = Debug|Any CPU
		{804F1F3D-7F13-46EE-83BE-80FB926A56D0}.Release|Any CPU.ActiveCfg = Release|Any CPU
		{804F1F3D-7F13-46EE-83BE-80FB926A56D0}.Release|Any CPU.Build.0 = Release|Any CPU
		{C7569B93-5C47-402D-B606-A20E934CEDB4}.Debug|Any CPU.ActiveCfg = Debug|Any CPU
		{C7569B93-5C47-402D-B606-A20E934CEDB4}.Debug|Any CPU.Build.0 = Debug|Any CPU
		{C7569B93-5C47-402D-B606-A20E934CEDB4}.Release|Any CPU.ActiveCfg = Release|Any CPU
		{C7569B93-5C47-402D-B606-A20E934CEDB4}.Release|Any CPU.Build.0 = Release|Any CPU
	EndGlobalSection
	GlobalSection(SolutionProperties) = preSolution
		HideSolutionNode = FALSE
	EndGlobalSection
	GlobalSection(ExtensibilityGlobals) = postSolution
		SolutionGuid = {64812AFE-BF53-431C-9149-CD1E10A0D08E}
	EndGlobalSection
EndGlobal
